
Microsoft Visual Studio Solution File, Format Version 12.00
# Visual Studio 15
VisualStudioVersion = 15.0.28307.572
MinimumVisualStudioVersion = 10.0.40219.1
Project("{FAE04EC0-301F-11D3-BF4B-00C04F79EFBC}") = "calc", "calc\calc.csproj", "{620D183A-AB1E-436A-B3D2-B77A9FB72A33}"
EndProject
Global
	GlobalSection(SolutionConfigurationPlatforms) = preSolution
		Debug|Any CPU = Debug|Any CPU
		Release|Any CPU = Release|Any CPU
	EndGlobalSection
	GlobalSection(ProjectConfigurationPlatforms) = postSolution
		{620D183A-AB1E-436A-B3D2-B77A9FB72A33}.Debug|Any CPU.ActiveCfg = Debug|Any CPU
		{620D183A-AB1E-436A-B3D2-B77A9FB72A33}.Debug|Any CPU.Build.0 = Debug|Any CPU
		{620D183A-AB1E-436A-B3D2-B77A9FB72A33}.Release|Any CPU.ActiveCfg = Release|Any CPU
		{620D183A-AB1E-436A-B3D2-B77A9FB72A33}.Release|Any CPU.Build.0 = Release|Any CPU
	EndGlobalSection
	GlobalSection(SolutionProperties) = preSolution
		HideSolutionNode = FALSE
	EndGlobalSection
	GlobalSection(ExtensibilityGlobals) = postSolution
		SolutionGuid = {E925FD2B-E4F6-4E89-8895-FFF90BC67DBF}
	EndGlobalSection
EndGlobal
